
Microsoft Visual Studio Solution File, Format Version 12.00
# Visual Studio Version 17
VisualStudioVersion = 17.14.36221.1 d17.14
MinimumVisualStudioVersion = 10.0.40219.1
Project("{8BC9CEB8-8B4A-11D0-8D11-00A0C91BC942}") = "LAB3", "LAB3.vcxproj", "{FF8838F2-E6BF-4306-AB7B-8CB85BBF6003}"
EndProject
Project("{8BC9CEB8-8B4A-11D0-8D11-00A0C91BC942}") = "LAB301", "..\LAB301\LAB301.vcxproj", "{3F4FCD16-4665-48C9-B84B-709FE2DA43E5}"
EndProject
Project("{8BC9CEB8-8B4A-11D0-8D11-00A0C91BC942}") = "LAB302", "..\LAB302\LAB302.vcxproj", "{0374735A-6DB4-42F2-BA43-F29ADF60C89C}"
EndProject
Global
	GlobalSection(SolutionConfigurationPlatforms) = preSolution
		Debug|x64 = Debug|x64
		Debug|x86 = Debug|x86
		Release|x64 = Release|x64
		Release|x86 = Release|x86
	EndGlobalSection
	GlobalSection(ProjectConfigurationPlatforms) = postSolution
		{FF8838F2-E6BF-4306-AB7B-8CB85BBF6003}.Debug|x64.ActiveCfg = Debug|x64
		{FF8838F2-E6BF-4306-AB7B-8CB85BBF6003}.Debug|x64.Build.0 = Debug|x64
		{FF8838F2-E6BF-4306-AB7B-8CB85BBF6003}.Debug|x86.ActiveCfg = Debug|Win32
		{FF8838F2-E6BF-4306-AB7B-8CB85BBF6003}.Debug|x86.Build.0 = Debug|Win32
		{FF8838F2-E6BF-4306-AB7B-8CB85BBF6003}.Release|x64.ActiveCfg = Release|x64
		{FF8838F2-E6BF-4306-AB7B-8CB85BBF6003}.Release|x64.Build.0 = Release|x64
		{FF8838F2-E6BF-4306-AB7B-8CB85BBF6003}.Release|x86.ActiveCfg = Release|Win32
		{FF8838F2-E6BF-4306-AB7B-8CB85BBF6003}.Release|x86.Build.0 = Release|Win32
		{3F4FCD16-4665-48C9-B84B-709FE2DA43E5}.Debug|x64.ActiveCfg = Debug|x64
		{3F4FCD16-4665-48C9-B84B-709FE2DA43E5}.Debug|x64.Build.0 = Debug|x64
		{3F4FCD16-4665-48C9-B84B-709FE2DA43E5}.Debug|x86.ActiveCfg = Debug|Win32
		{3F4FCD16-4665-48C9-B84B-709FE2DA43E5}.Debug|x86.Build.0 = Debug|Win32
		{3F4FCD16-4665-48C9-B84B-709FE2DA43E5}.Release|x64.ActiveCfg = Release|x64
		{3F4FCD16-4665-48C9-B84B-709FE2DA43E5}.Release|x64.Build.0 = Release|x64
		{3F4FCD16-4665-48C9-B84B-709FE2DA43E5}.Release|x86.ActiveCfg = Release|Win32
		{3F4FCD16-4665-48C9-B84B-709FE2DA43E5}.Release|x86.Build.0 = Release|Win32
		{0374735A-6DB4-42F2-BA43-F29ADF60C89C}.Debug|x64.ActiveCfg = Debug|x64
		{0374735A-6DB4-42F2-BA43-F29ADF60C89C}.Debug|x64.Build.0 = Debug|x64
		{0374735A-6DB4-42F2-BA43-F29ADF60C89C}.Debug|x86.ActiveCfg = Debug|Win32
		{0374735A-6DB4-42F2-BA43-F29ADF60C89C}.Debug|x86.Build.0 = Debug|Win32
		{0374735A-6DB4-42F2-BA43-F29ADF60C89C}.Release|x64.ActiveCfg = Release|x64
		{0374735A-6DB4-42F2-BA43-F29ADF60C89C}.Release|x64.Build.0 = Release|x64
		{0374735A-6DB4-42F2-BA43-F29ADF60C89C}.Release|x86.ActiveCfg = Release|Win32
		{0374735A-6DB4-42F2-BA43-F29ADF60C89C}.Release|x86.Build.0 = Release|Win32
	EndGlobalSection
	GlobalSection(SolutionProperties) = preSolution
		HideSolutionNode = FALSE
	EndGlobalSection
	GlobalSection(ExtensibilityGlobals) = postSolution
		SolutionGuid = {15D54E5E-8588-4EBF-A8FF-3BA49E032754}
	EndGlobalSection
EndGlobal
